// !$*UTF8*$!
{
	archiveVersion = 1;
	classes = {
	};
	objectVersion = 56;
	objects = {

/* Begin PBXBuildFile section */
		D905CC052BC307E100E72A9B /* ScaleSelectionRectangleView.swift in Sources */ = {isa = PBXBuildFile; fileRef = D905CC042BC307E100E72A9B /* ScaleSelectionRectangleView.swift */; };
		D90804E22BAF20AE00E6548D /* SignatureRectangleView.swift in Sources */ = {isa = PBXBuildFile; fileRef = D90804E12BAF20AE00E6548D /* SignatureRectangleView.swift */; };
		D90804E42BAF4B0F00E6548D /* Chord.swift in Sources */ = {isa = PBXBuildFile; fileRef = D90804E32BAF4B0F00E6548D /* Chord.swift */; };
		D90804E62BAF9A3E00E6548D /* Data.json in Resources */ = {isa = PBXBuildFile; fileRef = D90804E52BAF9A3D00E6548D /* Data.json */; };
		D90804E82BAF9AE900E6548D /* ReadData.swift in Sources */ = {isa = PBXBuildFile; fileRef = D90804E72BAF9AE900E6548D /* ReadData.swift */; };
		D908C8762C04F91D007AB30B /* SignatureSelectionScreen.swift in Sources */ = {isa = PBXBuildFile; fileRef = D908C8752C04F91D007AB30B /* SignatureSelectionScreen.swift */; };
		D9173D092C7F8F7C000D1384 /* JsonUtils.swift in Sources */ = {isa = PBXBuildFile; fileRef = D9173D082C7F8F7C000D1384 /* JsonUtils.swift */; };
		D92ED26E2BCD90A1007920CD /* ScreenLegendText.swift in Sources */ = {isa = PBXBuildFile; fileRef = D92ED26D2BCD90A1007920CD /* ScreenLegendText.swift */; };
		D981A6D32BB1EA7A00CBDC26 /* ScaleListView.swift in Sources */ = {isa = PBXBuildFile; fileRef = D981A6D22BB1EA7A00CBDC26 /* ScaleListView.swift */; };
		D981A6D52BB1EB4600CBDC26 /* ScaleRowView.swift in Sources */ = {isa = PBXBuildFile; fileRef = D981A6D42BB1EB4600CBDC26 /* ScaleRowView.swift */; };
		D9852B9A2C80D27B002CE08A /* WelcomeScreen.swift in Sources */ = {isa = PBXBuildFile; fileRef = D9852B992C80D27B002CE08A /* WelcomeScreen.swift */; };
		D98888EC2BAEF40F00EFA9C7 /* KeyRectangleView.swift in Sources */ = {isa = PBXBuildFile; fileRef = D98888EB2BAEF40F00EFA9C7 /* KeyRectangleView.swift */; };
		D98888EE2BAEFFEE00EFA9C7 /* KeySelectionRectangleView.swift in Sources */ = {isa = PBXBuildFile; fileRef = D98888ED2BAEFFEE00EFA9C7 /* KeySelectionRectangleView.swift */; };
		D9FFDA8B2BA8B5C30072A386 /* PowerChordApp.swift in Sources */ = {isa = PBXBuildFile; fileRef = D9FFDA8A2BA8B5C30072A386 /* PowerChordApp.swift */; };
		D9FFDA8F2BA8B5C50072A386 /* Assets.xcassets in Resources */ = {isa = PBXBuildFile; fileRef = D9FFDA8E2BA8B5C50072A386 /* Assets.xcassets */; };
		D9FFDA922BA8B5C50072A386 /* Preview Assets.xcassets in Resources */ = {isa = PBXBuildFile; fileRef = D9FFDA912BA8B5C50072A386 /* Preview Assets.xcassets */; };
		D9FFDA9B2BA8B6250072A386 /* HomeScreen.swift in Sources */ = {isa = PBXBuildFile; fileRef = D9FFDA9A2BA8B6250072A386 /* HomeScreen.swift */; };
		D9FFDA9D2BA8B7340072A386 /* HomeCategorieCellView.swift in Sources */ = {isa = PBXBuildFile; fileRef = D9FFDA9C2BA8B7340072A386 /* HomeCategorieCellView.swift */; };
		D9FFDA9F2BA8B81A0072A386 /* MainTitleView.swift in Sources */ = {isa = PBXBuildFile; fileRef = D9FFDA9E2BA8B81A0072A386 /* MainTitleView.swift */; };
		D9FFDAA12BA8C1890072A386 /* ScreenTitleText.swift in Sources */ = {isa = PBXBuildFile; fileRef = D9FFDAA02BA8C1890072A386 /* ScreenTitleText.swift */; };
		D9FFDAA32BA8C2350072A386 /* ChordNumberSystemScreen.swift in Sources */ = {isa = PBXBuildFile; fileRef = D9FFDAA22BA8C2350072A386 /* ChordNumberSystemScreen.swift */; };
		D9FFDAA52BA8C4EC0072A386 /* ScalesScreen.swift in Sources */ = {isa = PBXBuildFile; fileRef = D9FFDAA42BA8C4EC0072A386 /* ScalesScreen.swift */; };
		D9FFDAA72BA8C50A0072A386 /* TipsScreen.swift in Sources */ = {isa = PBXBuildFile; fileRef = D9FFDAA62BA8C50A0072A386 /* TipsScreen.swift */; };
/* End PBXBuildFile section */

/* Begin PBXFileReference section */
		D905CC042BC307E100E72A9B /* ScaleSelectionRectangleView.swift */ = {isa = PBXFileReference; lastKnownFileType = sourcecode.swift; path = ScaleSelectionRectangleView.swift; sourceTree = "<group>"; };
		D90804E12BAF20AE00E6548D /* SignatureRectangleView.swift */ = {isa = PBXFileReference; lastKnownFileType = sourcecode.swift; path = SignatureRectangleView.swift; sourceTree = "<group>"; };
		D90804E32BAF4B0F00E6548D /* Chord.swift */ = {isa = PBXFileReference; lastKnownFileType = sourcecode.swift; path = Chord.swift; sourceTree = "<group>"; };
		D90804E52BAF9A3D00E6548D /* Data.json */ = {isa = PBXFileReference; lastKnownFileType = text.json; path = Data.json; sourceTree = "<group>"; };
		D90804E72BAF9AE900E6548D /* ReadData.swift */ = {isa = PBXFileReference; lastKnownFileType = sourcecode.swift; path = ReadData.swift; sourceTree = "<group>"; };
		D908C8752C04F91D007AB30B /* SignatureSelectionScreen.swift */ = {isa = PBXFileReference; lastKnownFileType = sourcecode.swift; path = SignatureSelectionScreen.swift; sourceTree = "<group>"; };
		D9173D082C7F8F7C000D1384 /* JsonUtils.swift */ = {isa = PBXFileReference; lastKnownFileType = sourcecode.swift; path = JsonUtils.swift; sourceTree = "<group>"; };
		D92ED26D2BCD90A1007920CD /* ScreenLegendText.swift */ = {isa = PBXFileReference; lastKnownFileType = sourcecode.swift; path = ScreenLegendText.swift; sourceTree = "<group>"; };
		D981A6D22BB1EA7A00CBDC26 /* ScaleListView.swift */ = {isa = PBXFileReference; lastKnownFileType = sourcecode.swift; path = ScaleListView.swift; sourceTree = "<group>"; };
		D981A6D42BB1EB4600CBDC26 /* ScaleRowView.swift */ = {isa = PBXFileReference; lastKnownFileType = sourcecode.swift; path = ScaleRowView.swift; sourceTree = "<group>"; };
		D9852B992C80D27B002CE08A /* WelcomeScreen.swift */ = {isa = PBXFileReference; lastKnownFileType = sourcecode.swift; path = WelcomeScreen.swift; sourceTree = "<group>"; };
		D98888EB2BAEF40F00EFA9C7 /* KeyRectangleView.swift */ = {isa = PBXFileReference; lastKnownFileType = sourcecode.swift; path = KeyRectangleView.swift; sourceTree = "<group>"; };
		D98888ED2BAEFFEE00EFA9C7 /* KeySelectionRectangleView.swift */ = {isa = PBXFileReference; lastKnownFileType = sourcecode.swift; path = KeySelectionRectangleView.swift; sourceTree = "<group>"; };
		D9FFDA872BA8B5C30072A386 /* PowerChord.app */ = {isa = PBXFileReference; explicitFileType = wrapper.application; includeInIndex = 0; path = PowerChord.app; sourceTree = BUILT_PRODUCTS_DIR; };
		D9FFDA8A2BA8B5C30072A386 /* PowerChordApp.swift */ = {isa = PBXFileReference; lastKnownFileType = sourcecode.swift; path = PowerChordApp.swift; sourceTree = "<group>"; };
		D9FFDA8E2BA8B5C50072A386 /* Assets.xcassets */ = {isa = PBXFileReference; lastKnownFileType = folder.assetcatalog; path = Assets.xcassets; sourceTree = "<group>"; };
		D9FFDA912BA8B5C50072A386 /* Preview Assets.xcassets */ = {isa = PBXFileReference; lastKnownFileType = folder.assetcatalog; path = "Preview Assets.xcassets"; sourceTree = "<group>"; };
		D9FFDA9A2BA8B6250072A386 /* HomeScreen.swift */ = {isa = PBXFileReference; lastKnownFileType = sourcecode.swift; path = HomeScreen.swift; sourceTree = "<group>"; };
		D9FFDA9C2BA8B7340072A386 /* HomeCategorieCellView.swift */ = {isa = PBXFileReference; lastKnownFileType = sourcecode.swift; path = HomeCategorieCellView.swift; sourceTree = "<group>"; };
		D9FFDA9E2BA8B81A0072A386 /* MainTitleView.swift */ = {isa = PBXFileReference; lastKnownFileType = sourcecode.swift; path = MainTitleView.swift; sourceTree = "<group>"; };
		D9FFDAA02BA8C1890072A386 /* ScreenTitleText.swift */ = {isa = PBXFileReference; lastKnownFileType = sourcecode.swift; path = ScreenTitleText.swift; sourceTree = "<group>"; };
		D9FFDAA22BA8C2350072A386 /* ChordNumberSystemScreen.swift */ = {isa = PBXFileReference; lastKnownFileType = sourcecode.swift; path = ChordNumberSystemScreen.swift; sourceTree = "<group>"; };
		D9FFDAA42BA8C4EC0072A386 /* ScalesScreen.swift */ = {isa = PBXFileReference; lastKnownFileType = sourcecode.swift; path = ScalesScreen.swift; sourceTree = "<group>"; };
		D9FFDAA62BA8C50A0072A386 /* TipsScreen.swift */ = {isa = PBXFileReference; lastKnownFileType = sourcecode.swift; path = TipsScreen.swift; sourceTree = "<group>"; };
/* End PBXFileReference section */

/* Begin PBXFrameworksBuildPhase section */
		D9FFDA842BA8B5C30072A386 /* Frameworks */ = {
			isa = PBXFrameworksBuildPhase;
			buildActionMask = 2147483647;
			files = (
			);
			runOnlyForDeploymentPostprocessing = 0;
		};
/* End PBXFrameworksBuildPhase section */

/* Begin PBXGroup section */
		D9173D062C7F8D8A000D1384 /* Screens */ = {
			isa = PBXGroup;
			children = (
				D9FFDAA62BA8C50A0072A386 /* TipsScreen.swift */,
				D9FFDAA42BA8C4EC0072A386 /* ScalesScreen.swift */,
				D9FFDAA22BA8C2350072A386 /* ChordNumberSystemScreen.swift */,
				D908C8752C04F91D007AB30B /* SignatureSelectionScreen.swift */,
				D9FFDA9A2BA8B6250072A386 /* HomeScreen.swift */,
				D9852B992C80D27B002CE08A /* WelcomeScreen.swift */,
			);
			path = Screens;
			sourceTree = "<group>";
		};
		D9173D072C7F8F5D000D1384 /* Utils */ = {
			isa = PBXGroup;
			children = (
				D9173D082C7F8F7C000D1384 /* JsonUtils.swift */,
			);
			path = Utils;
			sourceTree = "<group>";
		};
		D9173D0A2C7F9280000D1384 /* Views */ = {
			isa = PBXGroup;
			children = (
				D981A6D42BB1EB4600CBDC26 /* ScaleRowView.swift */,
				D9FFDA9C2BA8B7340072A386 /* HomeCategorieCellView.swift */,
				D98888EB2BAEF40F00EFA9C7 /* KeyRectangleView.swift */,
				D98888ED2BAEFFEE00EFA9C7 /* KeySelectionRectangleView.swift */,
				D9FFDA9E2BA8B81A0072A386 /* MainTitleView.swift */,
				D981A6D22BB1EA7A00CBDC26 /* ScaleListView.swift */,
				D905CC042BC307E100E72A9B /* ScaleSelectionRectangleView.swift */,
				D90804E12BAF20AE00E6548D /* SignatureRectangleView.swift */,
				D9173D0C2C7F935B000D1384 /* Components */,
			);
			path = Views;
			sourceTree = "<group>";
		};
		D9173D0C2C7F935B000D1384 /* Components */ = {
			isa = PBXGroup;
			children = (
				D9FFDAA02BA8C1890072A386 /* ScreenTitleText.swift */,
				D92ED26D2BCD90A1007920CD /* ScreenLegendText.swift */,
			);
			path = Components;
			sourceTree = "<group>";
		};
		D9173D0D2C7F94B1000D1384 /* Models */ = {
			isa = PBXGroup;
			children = (
				D90804E72BAF9AE900E6548D /* ReadData.swift */,
				D90804E32BAF4B0F00E6548D /* Chord.swift */,
			);
			path = Models;
			sourceTree = "<group>";
		};
		D9173D0E2C7F94D8000D1384 /* Ressources */ = {
			isa = PBXGroup;
			children = (
				D90804E52BAF9A3D00E6548D /* Data.json */,
			);
			path = Ressources;
			sourceTree = "<group>";
		};
		D9FFDA7E2BA8B5C30072A386 = {
			isa = PBXGroup;
			children = (
				D9FFDA892BA8B5C30072A386 /* PowerChord */,
				D9FFDA882BA8B5C30072A386 /* Products */,
			);
			sourceTree = "<group>";
		};
		D9FFDA882BA8B5C30072A386 /* Products */ = {
			isa = PBXGroup;
			children = (
				D9FFDA872BA8B5C30072A386 /* PowerChord.app */,
			);
			name = Products;
			sourceTree = "<group>";
		};
		D9FFDA892BA8B5C30072A386 /* PowerChord */ = {
			isa = PBXGroup;
			children = (
				D9FFDA8A2BA8B5C30072A386 /* PowerChordApp.swift */,
				D9FFDA8E2BA8B5C50072A386 /* Assets.xcassets */,
				D9FFDA902BA8B5C50072A386 /* Preview Content */,
				D9173D0D2C7F94B1000D1384 /* Models */,
				D9173D0E2C7F94D8000D1384 /* Ressources */,
				D9173D062C7F8D8A000D1384 /* Screens */,
				D9173D072C7F8F5D000D1384 /* Utils */,
				D9173D0A2C7F9280000D1384 /* Views */,
			);
			path = PowerChord;
			sourceTree = "<group>";
		};
		D9FFDA902BA8B5C50072A386 /* Preview Content */ = {
			isa = PBXGroup;
			children = (
				D9FFDA912BA8B5C50072A386 /* Preview Assets.xcassets */,
			);
			path = "Preview Content";
			sourceTree = "<group>";
		};
/* End PBXGroup section */

/* Begin PBXNativeTarget section */
		D9FFDA862BA8B5C30072A386 /* PowerChord */ = {
			isa = PBXNativeTarget;
			buildConfigurationList = D9FFDA952BA8B5C50072A386 /* Build configuration list for PBXNativeTarget "PowerChord" */;
			buildPhases = (
				D9FFDA832BA8B5C30072A386 /* Sources */,
				D9FFDA842BA8B5C30072A386 /* Frameworks */,
				D9FFDA852BA8B5C30072A386 /* Resources */,
			);
			buildRules = (
			);
			dependencies = (
			);
			name = PowerChord;
			productName = PowerChord;
			productReference = D9FFDA872BA8B5C30072A386 /* PowerChord.app */;
			productType = "com.apple.product-type.application";
		};
/* End PBXNativeTarget section */

/* Begin PBXProject section */
		D9FFDA7F2BA8B5C30072A386 /* Project object */ = {
			isa = PBXProject;
			attributes = {
				BuildIndependentTargetsInParallel = 1;
				LastSwiftUpdateCheck = 1530;
				LastUpgradeCheck = 1530;
				TargetAttributes = {
					D9FFDA862BA8B5C30072A386 = {
						CreatedOnToolsVersion = 15.3;
					};
				};
			};
			buildConfigurationList = D9FFDA822BA8B5C30072A386 /* Build configuration list for PBXProject "PowerChord" */;
			compatibilityVersion = "Xcode 14.0";
			developmentRegion = en;
			hasScannedForEncodings = 0;
			knownRegions = (
				en,
				Base,
			);
			mainGroup = D9FFDA7E2BA8B5C30072A386;
			productRefGroup = D9FFDA882BA8B5C30072A386 /* Products */;
			projectDirPath = "";
			projectRoot = "";
			targets = (
				D9FFDA862BA8B5C30072A386 /* PowerChord */,
			);
		};
/* End PBXProject section */

/* Begin PBXResourcesBuildPhase section */
		D9FFDA852BA8B5C30072A386 /* Resources */ = {
			isa = PBXResourcesBuildPhase;
			buildActionMask = 2147483647;
			files = (
				D9FFDA922BA8B5C50072A386 /* Preview Assets.xcassets in Resources */,
				D9FFDA8F2BA8B5C50072A386 /* Assets.xcassets in Resources */,
				D90804E62BAF9A3E00E6548D /* Data.json in Resources */,
			);
			runOnlyForDeploymentPostprocessing = 0;
		};
/* End PBXResourcesBuildPhase section */

/* Begin PBXSourcesBuildPhase section */
		D9FFDA832BA8B5C30072A386 /* Sources */ = {
			isa = PBXSourcesBuildPhase;
			buildActionMask = 2147483647;
			files = (
				D90804E22BAF20AE00E6548D /* SignatureRectangleView.swift in Sources */,
				D9FFDA9D2BA8B7340072A386 /* HomeCategorieCellView.swift in Sources */,
				D9852B9A2C80D27B002CE08A /* WelcomeScreen.swift in Sources */,
				D98888EE2BAEFFEE00EFA9C7 /* KeySelectionRectangleView.swift in Sources */,
				D981A6D32BB1EA7A00CBDC26 /* ScaleListView.swift in Sources */,
				D98888EC2BAEF40F00EFA9C7 /* KeyRectangleView.swift in Sources */,
				D9FFDAA52BA8C4EC0072A386 /* ScalesScreen.swift in Sources */,
				D9FFDAA32BA8C2350072A386 /* ChordNumberSystemScreen.swift in Sources */,
				D981A6D52BB1EB4600CBDC26 /* ScaleRowView.swift in Sources */,
				D9FFDA9B2BA8B6250072A386 /* HomeScreen.swift in Sources */,
				D9FFDA9F2BA8B81A0072A386 /* MainTitleView.swift in Sources */,
				D9FFDA8B2BA8B5C30072A386 /* PowerChordApp.swift in Sources */,
				D905CC052BC307E100E72A9B /* ScaleSelectionRectangleView.swift in Sources */,
				D9FFDAA12BA8C1890072A386 /* ScreenTitleText.swift in Sources */,
				D9FFDAA72BA8C50A0072A386 /* TipsScreen.swift in Sources */,
				D908C8762C04F91D007AB30B /* SignatureSelectionScreen.swift in Sources */,
				D92ED26E2BCD90A1007920CD /* ScreenLegendText.swift in Sources */,
				D9173D092C7F8F7C000D1384 /* JsonUtils.swift in Sources */,
				D90804E42BAF4B0F00E6548D /* Chord.swift in Sources */,
				D90804E82BAF9AE900E6548D /* ReadData.swift in Sources */,
			);
			runOnlyForDeploymentPostprocessing = 0;
		};
/* End PBXSourcesBuildPhase section */

/* Begin XCBuildConfiguration section */
		D9FFDA932BA8B5C50072A386 /* Debug */ = {
			isa = XCBuildConfiguration;
			buildSettings = {
				ALWAYS_SEARCH_USER_PATHS = NO;
				ASSETCATALOG_COMPILER_GENERATE_SWIFT_ASSET_SYMBOL_EXTENSIONS = YES;
				CLANG_ANALYZER_NONNULL = YES;
				CLANG_ANALYZER_NUMBER_OBJECT_CONVERSION = YES_AGGRESSIVE;
				CLANG_CXX_LANGUAGE_STANDARD = "gnu++20";
				CLANG_ENABLE_MODULES = YES;
				CLANG_ENABLE_OBJC_ARC = YES;
				CLANG_ENABLE_OBJC_WEAK = YES;
				CLANG_WARN_BLOCK_CAPTURE_AUTORELEASING = YES;
				CLANG_WARN_BOOL_CONVERSION = YES;
				CLANG_WARN_COMMA = YES;
				CLANG_WARN_CONSTANT_CONVERSION = YES;
				CLANG_WARN_DEPRECATED_OBJC_IMPLEMENTATIONS = YES;
				CLANG_WARN_DIRECT_OBJC_ISA_USAGE = YES_ERROR;
				CLANG_WARN_DOCUMENTATION_COMMENTS = YES;
				CLANG_WARN_EMPTY_BODY = YES;
				CLANG_WARN_ENUM_CONVERSION = YES;
				CLANG_WARN_INFINITE_RECURSION = YES;
				CLANG_WARN_INT_CONVERSION = YES;
				CLANG_WARN_NON_LITERAL_NULL_CONVERSION = YES;
				CLANG_WARN_OBJC_IMPLICIT_RETAIN_SELF = YES;
				CLANG_WARN_OBJC_LITERAL_CONVERSION = YES;
				CLANG_WARN_OBJC_ROOT_CLASS = YES_ERROR;
				CLANG_WARN_QUOTED_INCLUDE_IN_FRAMEWORK_HEADER = YES;
				CLANG_WARN_RANGE_LOOP_ANALYSIS = YES;
				CLANG_WARN_STRICT_PROTOTYPES = YES;
				CLANG_WARN_SUSPICIOUS_MOVE = YES;
				CLANG_WARN_UNGUARDED_AVAILABILITY = YES_AGGRESSIVE;
				CLANG_WARN_UNREACHABLE_CODE = YES;
				CLANG_WARN__DUPLICATE_METHOD_MATCH = YES;
				COPY_PHASE_STRIP = NO;
				DEBUG_INFORMATION_FORMAT = dwarf;
				ENABLE_STRICT_OBJC_MSGSEND = YES;
				ENABLE_TESTABILITY = YES;
				ENABLE_USER_SCRIPT_SANDBOXING = YES;
				GCC_C_LANGUAGE_STANDARD = gnu17;
				GCC_DYNAMIC_NO_PIC = NO;
				GCC_NO_COMMON_BLOCKS = YES;
				GCC_OPTIMIZATION_LEVEL = 0;
				GCC_PREPROCESSOR_DEFINITIONS = (
					"DEBUG=1",
					"$(inherited)",
				);
				GCC_WARN_64_TO_32_BIT_CONVERSION = YES;
				GCC_WARN_ABOUT_RETURN_TYPE = YES_ERROR;
				GCC_WARN_UNDECLARED_SELECTOR = YES;
				GCC_WARN_UNINITIALIZED_AUTOS = YES_AGGRESSIVE;
				GCC_WARN_UNUSED_FUNCTION = YES;
				GCC_WARN_UNUSED_VARIABLE = YES;
				IPHONEOS_DEPLOYMENT_TARGET = 17.4;
				LOCALIZATION_PREFERS_STRING_CATALOGS = YES;
				MTL_ENABLE_DEBUG_INFO = INCLUDE_SOURCE;
				MTL_FAST_MATH = YES;
				ONLY_ACTIVE_ARCH = YES;
				SDKROOT = iphoneos;
				SWIFT_ACTIVE_COMPILATION_CONDITIONS = "DEBUG $(inherited)";
				SWIFT_OPTIMIZATION_LEVEL = "-Onone";
			};
			name = Debug;
		};
		D9FFDA942BA8B5C50072A386 /* Release */ = {
			isa = XCBuildConfiguration;
			buildSettings = {
				ALWAYS_SEARCH_USER_PATHS = NO;
				ASSETCATALOG_COMPILER_GENERATE_SWIFT_ASSET_SYMBOL_EXTENSIONS = YES;
				CLANG_ANALYZER_NONNULL = YES;
				CLANG_ANALYZER_NUMBER_OBJECT_CONVERSION = YES_AGGRESSIVE;
				CLANG_CXX_LANGUAGE_STANDARD = "gnu++20";
				CLANG_ENABLE_MODULES = YES;
				CLANG_ENABLE_OBJC_ARC = YES;
				CLANG_ENABLE_OBJC_WEAK = YES;
				CLANG_WARN_BLOCK_CAPTURE_AUTORELEASING = YES;
				CLANG_WARN_BOOL_CONVERSION = YES;
				CLANG_WARN_COMMA = YES;
				CLANG_WARN_CONSTANT_CONVERSION = YES;
				CLANG_WARN_DEPRECATED_OBJC_IMPLEMENTATIONS = YES;
				CLANG_WARN_DIRECT_OBJC_ISA_USAGE = YES_ERROR;
				CLANG_WARN_DOCUMENTATION_COMMENTS = YES;
				CLANG_WARN_EMPTY_BODY = YES;
				CLANG_WARN_ENUM_CONVERSION = YES;
				CLANG_WARN_INFINITE_RECURSION = YES;
				CLANG_WARN_INT_CONVERSION = YES;
				CLANG_WARN_NON_LITERAL_NULL_CONVERSION = YES;
				CLANG_WARN_OBJC_IMPLICIT_RETAIN_SELF = YES;
				CLANG_WARN_OBJC_LITERAL_CONVERSION = YES;
				CLANG_WARN_OBJC_ROOT_CLASS = YES_ERROR;
				CLANG_WARN_QUOTED_INCLUDE_IN_FRAMEWORK_HEADER = YES;
				CLANG_WARN_RANGE_LOOP_ANALYSIS = YES;
				CLANG_WARN_STRICT_PROTOTYPES = YES;
				CLANG_WARN_SUSPICIOUS_MOVE = YES;
				CLANG_WARN_UNGUARDED_AVAILABILITY = YES_AGGRESSIVE;
				CLANG_WARN_UNREACHABLE_CODE = YES;
				CLANG_WARN__DUPLICATE_METHOD_MATCH = YES;
				COPY_PHASE_STRIP = NO;
				DEBUG_INFORMATION_FORMAT = "dwarf-with-dsym";
				ENABLE_NS_ASSERTIONS = NO;
				ENABLE_STRICT_OBJC_MSGSEND = YES;
				ENABLE_USER_SCRIPT_SANDBOXING = YES;
				GCC_C_LANGUAGE_STANDARD = gnu17;
				GCC_NO_COMMON_BLOCKS = YES;
				GCC_WARN_64_TO_32_BIT_CONVERSION = YES;
				GCC_WARN_ABOUT_RETURN_TYPE = YES_ERROR;
				GCC_WARN_UNDECLARED_SELECTOR = YES;
				GCC_WARN_UNINITIALIZED_AUTOS = YES_AGGRESSIVE;
				GCC_WARN_UNUSED_FUNCTION = YES;
				GCC_WARN_UNUSED_VARIABLE = YES;
				IPHONEOS_DEPLOYMENT_TARGET = 17.4;
				LOCALIZATION_PREFERS_STRING_CATALOGS = YES;
				MTL_ENABLE_DEBUG_INFO = NO;
				MTL_FAST_MATH = YES;
				SDKROOT = iphoneos;
				SWIFT_COMPILATION_MODE = wholemodule;
				VALIDATE_PRODUCT = YES;
			};
			name = Release;
		};
		D9FFDA962BA8B5C50072A386 /* Debug */ = {
			isa = XCBuildConfiguration;
			buildSettings = {
				ASSETCATALOG_COMPILER_APPICON_NAME = AppIcon;
				ASSETCATALOG_COMPILER_GLOBAL_ACCENT_COLOR_NAME = AccentColor;
				CODE_SIGN_STYLE = Automatic;
				CURRENT_PROJECT_VERSION = 1;
				DEVELOPMENT_ASSET_PATHS = "\"PowerChord/Preview Content\"";
				DEVELOPMENT_TEAM = R4DGC37AQ2;
				ENABLE_PREVIEWS = YES;
				GENERATE_INFOPLIST_FILE = YES;
				INFOPLIST_FILE = PowerChord/Info.plist;
				INFOPLIST_KEY_UIApplicationSceneManifest_Generation = YES;
				INFOPLIST_KEY_UIApplicationSupportsIndirectInputEvents = YES;
				INFOPLIST_KEY_UIRequiresFullScreen = YES;
				INFOPLIST_KEY_UISupportedInterfaceOrientations = UIInterfaceOrientationPortrait;
				LD_RUNPATH_SEARCH_PATHS = (
					"$(inherited)",
					"@executable_path/Frameworks",
				);
				MARKETING_VERSION = 1.0;
				PRODUCT_BUNDLE_IDENTIFIER = vahand.PowerChord;
				PRODUCT_NAME = "$(TARGET_NAME)";
				SWIFT_EMIT_LOC_STRINGS = YES;
				SWIFT_VERSION = 5.0;
				TARGETED_DEVICE_FAMILY = "1,2";
			};
			name = Debug;
		};
		D9FFDA972BA8B5C50072A386 /* Release */ = {
			isa = XCBuildConfiguration;
			buildSettings = {
				ASSETCATALOG_COMPILER_APPICON_NAME = AppIcon;
				ASSETCATALOG_COMPILER_GLOBAL_ACCENT_COLOR_NAME = AccentColor;
				CODE_SIGN_STYLE = Automatic;
				CURRENT_PROJECT_VERSION = 1;
				DEVELOPMENT_ASSET_PATHS = "\"PowerChord/Preview Content\"";
				DEVELOPMENT_TEAM = R4DGC37AQ2;
				ENABLE_PREVIEWS = YES;
				GENERATE_INFOPLIST_FILE = YES;
				INFOPLIST_FILE = PowerChord/Info.plist;
				INFOPLIST_KEY_UIApplicationSceneManifest_Generation = YES;
				INFOPLIST_KEY_UIApplicationSupportsIndirectInputEvents = YES;
				INFOPLIST_KEY_UIRequiresFullScreen = YES;
				INFOPLIST_KEY_UISupportedInterfaceOrientations = UIInterfaceOrientationPortrait;
				LD_RUNPATH_SEARCH_PATHS = (
					"$(inherited)",
					"@executable_path/Frameworks",
				);
				MARKETING_VERSION = 1.0;
				PRODUCT_BUNDLE_IDENTIFIER = vahand.PowerChord;
				PRODUCT_NAME = "$(TARGET_NAME)";
				SWIFT_EMIT_LOC_STRINGS = YES;
				SWIFT_VERSION = 5.0;
				TARGETED_DEVICE_FAMILY = "1,2";
			};
			name = Release;
		};
/* End XCBuildConfiguration section */

/* Begin XCConfigurationList section */
		D9FFDA822BA8B5C30072A386 /* Build configuration list for PBXProject "PowerChord" */ = {
			isa = XCConfigurationList;
			buildConfigurations = (
				D9FFDA932BA8B5C50072A386 /* Debug */,
				D9FFDA942BA8B5C50072A386 /* Release */,
			);
			defaultConfigurationIsVisible = 0;
			defaultConfigurationName = Release;
		};
		D9FFDA952BA8B5C50072A386 /* Build configuration list for PBXNativeTarget "PowerChord" */ = {
			isa = XCConfigurationList;
			buildConfigurations = (
				D9FFDA962BA8B5C50072A386 /* Debug */,
				D9FFDA972BA8B5C50072A386 /* Release */,
			);
			defaultConfigurationIsVisible = 0;
			defaultConfigurationName = Release;
		};
/* End XCConfigurationList section */
	};
	rootObject = D9FFDA7F2BA8B5C30072A386 /* Project object */;
}
